{
  "name": "antigravity",
  "version": "1.0.0",
  "lockfileVersion": 3,
  "requires": true,
  "packages": {
    "": {
      "name": "antigravity",
      "version": "1.0.0",
      "license": "ISC",
      "dependencies": {
        "chokidar": "^5.0.0",
        "cors": "^2.8.6",
        "dotenv": "^17.4.2",
        "express": "^5.2.1",
        "music-metadata": "^11.12.3",
        "sqlite3": "^6.0.1"
      }
    }
  }
}
